
Microsoft Visual Studio Solution File, Format Version 9.00
# Visual Studio 2005
Project("{8BC9CEB8-8B4A-11D0-8D11-00A0C91BC942}") = "Win32DX9", "Win32DX9.vcproj", "{6C7F1FEE-B88C-4AB9-804D-8106FFED69BA}"
	ProjectSection(ProjectDependencies) = postProject
		{65A36F76-56DA-43BD-A605-CEF2A1BCCC83} = {65A36F76-56DA-43BD-A605-CEF2A1BCCC83}
		{AA75B895-9958-4D71-9419-D86946478CAA} = {AA75B895-9958-4D71-9419-D86946478CAA}
	EndProjectSection
EndProject
Project("{8BC9CEB8-8B4A-11D0-8D11-00A0C91BC942}") = "RenderCore", "RenderCore\RenderCore.vcproj", "{65A36F76-56DA-43BD-A605-CEF2A1BCCC83}"
EndProject
Project("{8BC9CEB8-8B4A-11D0-8D11-00A0C91BC942}") = "LuaPlusLib", "..\LuaPlus\work51\Src\LuaPlus\LuaPlusLib.vs2005.vcproj", "{AA75B895-9958-4D71-9419-D86946478CAA}"
EndProject
Global
	GlobalSection(SolutionConfigurationPlatforms) = preSolution
		Debug|Win32 = Debug|Win32
		Release|Win32 = Release|Win32
	EndGlobalSection
	GlobalSection(ProjectConfigurationPlatforms) = postSolution
		{6C7F1FEE-B88C-4AB9-804D-8106FFED69BA}.Debug|Win32.ActiveCfg = Debug|Win32
		{6C7F1FEE-B88C-4AB9-804D-8106FFED69BA}.Debug|Win32.Build.0 = Debug|Win32
		{6C7F1FEE-B88C-4AB9-804D-8106FFED69BA}.Release|Win32.ActiveCfg = Release|Win32
		{6C7F1FEE-B88C-4AB9-804D-8106FFED69BA}.Release|Win32.Build.0 = Release|Win32
		{65A36F76-56DA-43BD-A605-CEF2A1BCCC83}.Debug|Win32.ActiveCfg = Debug|Win32
		{65A36F76-56DA-43BD-A605-CEF2A1BCCC83}.Debug|Win32.Build.0 = Debug|Win32
		{65A36F76-56DA-43BD-A605-CEF2A1BCCC83}.Release|Win32.ActiveCfg = Release|Win32
		{65A36F76-56DA-43BD-A605-CEF2A1BCCC83}.Release|Win32.Build.0 = Release|Win32
		{AA75B895-9958-4D71-9419-D86946478CAA}.Debug|Win32.ActiveCfg = Debug|Win32
		{AA75B895-9958-4D71-9419-D86946478CAA}.Debug|Win32.Build.0 = Debug|Win32
		{AA75B895-9958-4D71-9419-D86946478CAA}.Release|Win32.ActiveCfg = Release|Win32
		{AA75B895-9958-4D71-9419-D86946478CAA}.Release|Win32.Build.0 = Release|Win32
	EndGlobalSection
	GlobalSection(SolutionProperties) = preSolution
		HideSolutionNode = FALSE
	EndGlobalSection
EndGlobal
