
Microsoft Visual Studio Solution File, Format Version 9.00
# Visual Studio 2005
Project("{2150E333-8FDC-42A3-9474-1A3956D46DE8}") = "Helix", "Helix", "{7EC7ADA8-75A4-4C45-B5CF-FB86E586DB4D}"
EndProject
Project("{8BC9CEB8-8B4A-11D0-8D11-00A0C91BC942}") = "Content", "..\Content\Content.vcproj", "{71BEB6F2-560D-424D-86A8-1CC6F905DE48}"
EndProject
Project("{8BC9CEB8-8B4A-11D0-8D11-00A0C91BC942}") = "Utility", "Helix\Utility\Utility.vcproj", "{4598A354-9054-42A0-B90A-0B4FD27B83B0}"
EndProject
Project("{8BC9CEB8-8B4A-11D0-8D11-00A0C91BC942}") = "TheGame", "TheGame.vcproj", "{39B31132-BA4F-4317-BEDC-1BF25C6889AA}"
	ProjectSection(ProjectDependencies) = postProject
		{F74E106B-6F37-4ACC-A783-131BA702E329} = {F74E106B-6F37-4ACC-A783-131BA702E329}
		{4598A354-9054-42A0-B90A-0B4FD27B83B0} = {4598A354-9054-42A0-B90A-0B4FD27B83B0}
		{C58F564D-0582-404A-9934-80565850D2BD} = {C58F564D-0582-404A-9934-80565850D2BD}
		{49EBBA02-2990-41EF-AF7C-836119C04FC9} = {49EBBA02-2990-41EF-AF7C-836119C04FC9}
	EndProjectSection
EndProject
Project("{8BC9CEB8-8B4A-11D0-8D11-00A0C91BC942}") = "Kernel", "Helix\Kernel\Kernel.vcproj", "{C58F564D-0582-404A-9934-80565850D2BD}"
EndProject
Project("{8BC9CEB8-8B4A-11D0-8D11-00A0C91BC942}") = "RenderCore", "Helix\RenderCore\RenderCore.vcproj", "{F74E106B-6F37-4ACC-A783-131BA702E329}"
EndProject
Project("{8BC9CEB8-8B4A-11D0-8D11-00A0C91BC942}") = "ThreadLoad", "Helix\ThreadLoad\ThreadLoad.vcproj", "{49EBBA02-2990-41EF-AF7C-836119C04FC9}"
EndProject
Project("{2150E333-8FDC-42A3-9474-1A3956D46DE8}") = "Effects", "Effects", "{3553D46F-4B92-48DD-81A3-F8BBABE5A784}"
	ProjectSection(SolutionItems) = preProject
		..\Content\Effects\diffuse.fx = ..\Content\Effects\diffuse.fx
		..\Content\Effects\Jamfile.jam = ..\Content\Effects\Jamfile.jam
		..\Content\Effects\Quad.fx = ..\Content\Effects\Quad.fx
		..\Content\Effects\shared.fx = ..\Content\Effects\shared.fx
		..\Content\Effects\texture.fx = ..\Content\Effects\texture.fx
	EndProjectSection
EndProject
Project("{2150E333-8FDC-42A3-9474-1A3956D46DE8}") = "Materials", "Materials", "{18EE84F7-902A-45A5-A447-4448BAF8B1ED}"
	ProjectSection(SolutionItems) = preProject
		..\Content\Materials\Carsen.lua = ..\Content\Materials\Carsen.lua
		..\Content\Materials\FunnyFace.lua = ..\Content\Materials\FunnyFace.lua
		..\Content\Materials\Grid.lua = ..\Content\Materials\Grid.lua
		..\Content\Materials\Jamfile.jam = ..\Content\Materials\Jamfile.jam
		..\Content\Materials\lambert3.lua = ..\Content\Materials\lambert3.lua
		..\Content\Materials\Quad.lua = ..\Content\Materials\Quad.lua
		..\Content\Materials\Triangle.lua = ..\Content\Materials\Triangle.lua
	EndProjectSection
EndProject
Project("{2150E333-8FDC-42A3-9474-1A3956D46DE8}") = "Shaders", "Shaders", "{8464E1B2-DD83-408F-99E2-30D7CEB6F56E}"
	ProjectSection(SolutionItems) = preProject
		..\Content\Shaders\diffuse.lua = ..\Content\Shaders\diffuse.lua
		..\Content\Shaders\Jamfile.jam = ..\Content\Shaders\Jamfile.jam
		..\Content\Shaders\pos3.lua = ..\Content\Shaders\pos3.lua
		..\Content\Shaders\pos3_norm3_tex1.lua = ..\Content\Shaders\pos3_norm3_tex1.lua
		..\Content\Shaders\pos3_tex1.lua = ..\Content\Shaders\pos3_tex1.lua
		..\Content\Shaders\pos4_tex1.lua = ..\Content\Shaders\pos4_tex1.lua
		..\Content\Shaders\quad.lua = ..\Content\Shaders\quad.lua
		..\Content\Shaders\shared.lua = ..\Content\Shaders\shared.lua
		..\Content\Shaders\texture.lua = ..\Content\Shaders\texture.lua
	EndProjectSection
EndProject
Project("{2150E333-8FDC-42A3-9474-1A3956D46DE8}") = "Textures", "Textures", "{BD79DDD4-DAC3-433C-8F1C-7793D4E330F1}"
	ProjectSection(SolutionItems) = preProject
		..\Content\Textures\Carsen.tga = ..\Content\Textures\Carsen.tga
		..\Content\Textures\Carsen_crop.png = ..\Content\Textures\Carsen_crop.png
		..\Content\Textures\Carsen_crop.tga = ..\Content\Textures\Carsen_crop.tga
		..\Content\Textures\Jamfile.jam = ..\Content\Textures\Jamfile.jam
	EndProjectSection
EndProject
Project("{2150E333-8FDC-42A3-9474-1A3956D46DE8}") = "Meshes", "Meshes", "{540E2241-DC57-4C65-BE5B-8B8399661043}"
	ProjectSection(SolutionItems) = preProject
		..\Content\Meshes\cube.lua = ..\Content\Meshes\cube.lua
		..\Content\Meshes\holodeck.lua = ..\Content\Meshes\holodeck.lua
		..\Content\Meshes\Jamfile.jam = ..\Content\Meshes\Jamfile.jam
		..\Content\Meshes\Triangle.lua = ..\Content\Meshes\Triangle.lua
	EndProjectSection
EndProject
Project("{2150E333-8FDC-42A3-9474-1A3956D46DE8}") = "Scenes", "Scenes", "{69986654-D980-4C29-B4CD-743B42C4374B}"
	ProjectSection(SolutionItems) = preProject
		..\Content\Scenes\holodeck\holodeck.lua = ..\Content\Scenes\holodeck\holodeck.lua
	EndProjectSection
EndProject
Global
	GlobalSection(SolutionConfigurationPlatforms) = preSolution
		Debug|Win32 = Debug|Win32
		Release|Win32 = Release|Win32
	EndGlobalSection
	GlobalSection(ProjectConfigurationPlatforms) = postSolution
		{71BEB6F2-560D-424D-86A8-1CC6F905DE48}.Debug|Win32.ActiveCfg = Debug|Win32
		{71BEB6F2-560D-424D-86A8-1CC6F905DE48}.Debug|Win32.Build.0 = Debug|Win32
		{71BEB6F2-560D-424D-86A8-1CC6F905DE48}.Release|Win32.ActiveCfg = Release|Win32
		{71BEB6F2-560D-424D-86A8-1CC6F905DE48}.Release|Win32.Build.0 = Release|Win32
		{4598A354-9054-42A0-B90A-0B4FD27B83B0}.Debug|Win32.ActiveCfg = Debug|Win32
		{4598A354-9054-42A0-B90A-0B4FD27B83B0}.Debug|Win32.Build.0 = Debug|Win32
		{4598A354-9054-42A0-B90A-0B4FD27B83B0}.Release|Win32.ActiveCfg = Release|Win32
		{4598A354-9054-42A0-B90A-0B4FD27B83B0}.Release|Win32.Build.0 = Release|Win32
		{39B31132-BA4F-4317-BEDC-1BF25C6889AA}.Debug|Win32.ActiveCfg = Debug|Win32
		{39B31132-BA4F-4317-BEDC-1BF25C6889AA}.Debug|Win32.Build.0 = Debug|Win32
		{39B31132-BA4F-4317-BEDC-1BF25C6889AA}.Release|Win32.ActiveCfg = Release|Win32
		{39B31132-BA4F-4317-BEDC-1BF25C6889AA}.Release|Win32.Build.0 = Release|Win32
		{C58F564D-0582-404A-9934-80565850D2BD}.Debug|Win32.ActiveCfg = Debug|Win32
		{C58F564D-0582-404A-9934-80565850D2BD}.Debug|Win32.Build.0 = Debug|Win32
		{C58F564D-0582-404A-9934-80565850D2BD}.Release|Win32.ActiveCfg = Release|Win32
		{C58F564D-0582-404A-9934-80565850D2BD}.Release|Win32.Build.0 = Release|Win32
		{F74E106B-6F37-4ACC-A783-131BA702E329}.Debug|Win32.ActiveCfg = Debug|Win32
		{F74E106B-6F37-4ACC-A783-131BA702E329}.Debug|Win32.Build.0 = Debug|Win32
		{F74E106B-6F37-4ACC-A783-131BA702E329}.Release|Win32.ActiveCfg = Release|Win32
		{F74E106B-6F37-4ACC-A783-131BA702E329}.Release|Win32.Build.0 = Release|Win32
		{49EBBA02-2990-41EF-AF7C-836119C04FC9}.Debug|Win32.ActiveCfg = Debug|Win32
		{49EBBA02-2990-41EF-AF7C-836119C04FC9}.Debug|Win32.Build.0 = Debug|Win32
		{49EBBA02-2990-41EF-AF7C-836119C04FC9}.Release|Win32.ActiveCfg = Release|Win32
		{49EBBA02-2990-41EF-AF7C-836119C04FC9}.Release|Win32.Build.0 = Release|Win32
	EndGlobalSection
	GlobalSection(SolutionProperties) = preSolution
		HideSolutionNode = FALSE
	EndGlobalSection
	GlobalSection(NestedProjects) = preSolution
		{4598A354-9054-42A0-B90A-0B4FD27B83B0} = {7EC7ADA8-75A4-4C45-B5CF-FB86E586DB4D}
		{C58F564D-0582-404A-9934-80565850D2BD} = {7EC7ADA8-75A4-4C45-B5CF-FB86E586DB4D}
		{F74E106B-6F37-4ACC-A783-131BA702E329} = {7EC7ADA8-75A4-4C45-B5CF-FB86E586DB4D}
		{49EBBA02-2990-41EF-AF7C-836119C04FC9} = {7EC7ADA8-75A4-4C45-B5CF-FB86E586DB4D}
	EndGlobalSection
EndGlobal
